// !$*UTF8*$!
{
	archiveVersion = 1;
	classes = {
	};
	objectVersion = 50;
	objects = {

/* Begin PBXBuildFile section */
		03E4963821B8FA2100F62E1F /* AppDelegate.swift in Sources */ = {isa = PBXBuildFile; fileRef = 03E4963721B8FA2100F62E1F /* AppDelegate.swift */; };
		03E4963A21B8FA2100F62E1F /* PhotosCollectionVC.swift in Sources */ = {isa = PBXBuildFile; fileRef = 03E4963921B8FA2100F62E1F /* PhotosCollectionVC.swift */; };
		03E4963D21B8FA2100F62E1F /* Main.storyboard in Resources */ = {isa = PBXBuildFile; fileRef = 03E4963B21B8FA2100F62E1F /* Main.storyboard */; };
		03E4963F21B8FA2400F62E1F /* Assets.xcassets in Resources */ = {isa = PBXBuildFile; fileRef = 03E4963E21B8FA2400F62E1F /* Assets.xcassets */; };
		03E4964221B8FA2400F62E1F /* LaunchScreen.storyboard in Resources */ = {isa = PBXBuildFile; fileRef = 03E4964021B8FA2400F62E1F /* LaunchScreen.storyboard */; };
		03E4964A21B8FB2600F62E1F /* FullscreenVC.swift in Sources */ = {isa = PBXBuildFile; fileRef = 03E4964921B8FB2600F62E1F /* FullscreenVC.swift */; };
		03E4964C21B906D500F62E1F /* PhotoCVC.swift in Sources */ = {isa = PBXBuildFile; fileRef = 03E4964B21B906D500F62E1F /* PhotoCVC.swift */; };
		03E4964E21B92F0100F62E1F /* Array+PhotoGallery.swift in Sources */ = {isa = PBXBuildFile; fileRef = 03E4964D21B92F0100F62E1F /* Array+PhotoGallery.swift */; };
		03E4965021B9310300F62E1F /* UIViewController+PhotoGallery.swift in Sources */ = {isa = PBXBuildFile; fileRef = 03E4964F21B9310300F62E1F /* UIViewController+PhotoGallery.swift */; };
/* End PBXBuildFile section */

/* Begin PBXFileReference section */
		03E4963421B8FA2100F62E1F /* Photo Gallery.app */ = {isa = PBXFileReference; explicitFileType = wrapper.application; includeInIndex = 0; path = "Photo Gallery.app"; sourceTree = BUILT_PRODUCTS_DIR; };
		03E4963721B8FA2100F62E1F /* AppDelegate.swift */ = {isa = PBXFileReference; lastKnownFileType = sourcecode.swift; path = AppDelegate.swift; sourceTree = "<group>"; };
		03E4963921B8FA2100F62E1F /* PhotosCollectionVC.swift */ = {isa = PBXFileReference; lastKnownFileType = sourcecode.swift; path = PhotosCollectionVC.swift; sourceTree = "<group>"; };
		03E4963C21B8FA2100F62E1F /* Base */ = {isa = PBXFileReference; lastKnownFileType = file.storyboard; name = Base; path = Base.lproj/Main.storyboard; sourceTree = "<group>"; };
		03E4963E21B8FA2400F62E1F /* Assets.xcassets */ = {isa = PBXFileReference; lastKnownFileType = folder.assetcatalog; path = Assets.xcassets; sourceTree = "<group>"; };
		03E4964121B8FA2400F62E1F /* Base */ = {isa = PBXFileReference; lastKnownFileType = file.storyboard; name = Base; path = Base.lproj/LaunchScreen.storyboard; sourceTree = "<group>"; };
		03E4964321B8FA2400F62E1F /* Info.plist */ = {isa = PBXFileReference; lastKnownFileType = text.plist.xml; path = Info.plist; sourceTree = "<group>"; };
		03E4964921B8FB2600F62E1F /* FullscreenVC.swift */ = {isa = PBXFileReference; lastKnownFileType = sourcecode.swift; path = FullscreenVC.swift; sourceTree = "<group>"; };
		03E4964B21B906D500F62E1F /* PhotoCVC.swift */ = {isa = PBXFileReference; lastKnownFileType = sourcecode.swift; path = PhotoCVC.swift; sourceTree = "<group>"; };
		03E4964D21B92F0100F62E1F /* Array+PhotoGallery.swift */ = {isa = PBXFileReference; lastKnownFileType = sourcecode.swift; path = "Array+PhotoGallery.swift"; sourceTree = "<group>"; };
		03E4964F21B9310300F62E1F /* UIViewController+PhotoGallery.swift */ = {isa = PBXFileReference; lastKnownFileType = sourcecode.swift; path = "UIViewController+PhotoGallery.swift"; sourceTree = "<group>"; };
/* End PBXFileReference section */

/* Begin PBXFrameworksBuildPhase section */
		03E4963121B8FA2100F62E1F /* Frameworks */ = {
			isa = PBXFrameworksBuildPhase;
			buildActionMask = 2147483647;
			files = (
			);
			runOnlyForDeploymentPostprocessing = 0;
		};
/* End PBXFrameworksBuildPhase section */

/* Begin PBXGroup section */
		03E4962B21B8FA2100F62E1F = {
			isa = PBXGroup;
			children = (
				03E4963621B8FA2100F62E1F /* Photo Gallery */,
				03E4963521B8FA2100F62E1F /* Products */,
			);
			sourceTree = "<group>";
		};
		03E4963521B8FA2100F62E1F /* Products */ = {
			isa = PBXGroup;
			children = (
				03E4963421B8FA2100F62E1F /* Photo Gallery.app */,
			);
			name = Products;
			sourceTree = "<group>";
		};
		03E4963621B8FA2100F62E1F /* Photo Gallery */ = {
			isa = PBXGroup;
			children = (
				03E4965421B9322E00F62E1F /* supporting files */,
				03E4965221B9320800F62E1F /* view controllers */,
				03E4965121B931F900F62E1F /* extensions */,
				03E4964321B8FA2400F62E1F /* Info.plist */,
			);
			path = "Photo Gallery";
			sourceTree = "<group>";
		};
		03E4965121B931F900F62E1F /* extensions */ = {
			isa = PBXGroup;
			children = (
				03E4964D21B92F0100F62E1F /* Array+PhotoGallery.swift */,
				03E4964F21B9310300F62E1F /* UIViewController+PhotoGallery.swift */,
			);
			path = extensions;
			sourceTree = "<group>";
		};
		03E4965221B9320800F62E1F /* view controllers */ = {
			isa = PBXGroup;
			children = (
				03E4965321B9321F00F62E1F /* views */,
				03E4963921B8FA2100F62E1F /* PhotosCollectionVC.swift */,
				03E4964921B8FB2600F62E1F /* FullscreenVC.swift */,
			);
			path = "view controllers";
			sourceTree = "<group>";
		};
		03E4965321B9321F00F62E1F /* views */ = {
			isa = PBXGroup;
			children = (
				03E4964B21B906D500F62E1F /* PhotoCVC.swift */,
			);
			path = views;
			sourceTree = "<group>";
		};
		03E4965421B9322E00F62E1F /* supporting files */ = {
			isa = PBXGroup;
			children = (
				03E4963721B8FA2100F62E1F /* AppDelegate.swift */,
				03E4963E21B8FA2400F62E1F /* Assets.xcassets */,
				03E4963B21B8FA2100F62E1F /* Main.storyboard */,
				03E4964021B8FA2400F62E1F /* LaunchScreen.storyboard */,
			);
			path = "supporting files";
			sourceTree = "<group>";
		};
/* End PBXGroup section */

/* Begin PBXNativeTarget section */
		03E4963321B8FA2100F62E1F /* Photo Gallery */ = {
			isa = PBXNativeTarget;
			buildConfigurationList = 03E4964621B8FA2400F62E1F /* Build configuration list for PBXNativeTarget "Photo Gallery" */;
			buildPhases = (
				03E4963021B8FA2100F62E1F /* Sources */,
				03E4963121B8FA2100F62E1F /* Frameworks */,
				03E4963221B8FA2100F62E1F /* Resources */,
			);
			buildRules = (
			);
			dependencies = (
			);
			name = "Photo Gallery";
			productName = "Photo Gallery";
			productReference = 03E4963421B8FA2100F62E1F /* Photo Gallery.app */;
			productType = "com.apple.product-type.application";
		};
/* End PBXNativeTarget section */

/* Begin PBXProject section */
		03E4962C21B8FA2100F62E1F /* Project object */ = {
			isa = PBXProject;
			attributes = {
				LastSwiftUpdateCheck = 1000;
				LastUpgradeCheck = 1000;
				ORGANIZATIONNAME = Kishore;
				TargetAttributes = {
					03E4963321B8FA2100F62E1F = {
						CreatedOnToolsVersion = 10.0;
					};
				};
			};
			buildConfigurationList = 03E4962F21B8FA2100F62E1F /* Build configuration list for PBXProject "Photo Gallery" */;
			compatibilityVersion = "Xcode 9.3";
			developmentRegion = en;
			hasScannedForEncodings = 0;
			knownRegions = (
				en,
				Base,
			);
			mainGroup = 03E4962B21B8FA2100F62E1F;
			productRefGroup = 03E4963521B8FA2100F62E1F /* Products */;
			projectDirPath = "";
			projectRoot = "";
			targets = (
				03E4963321B8FA2100F62E1F /* Photo Gallery */,
			);
		};
/* End PBXProject section */

/* Begin PBXResourcesBuildPhase section */
		03E4963221B8FA2100F62E1F /* Resources */ = {
			isa = PBXResourcesBuildPhase;
			buildActionMask = 2147483647;
			files = (
				03E4964221B8FA2400F62E1F /* LaunchScreen.storyboard in Resources */,
				03E4963F21B8FA2400F62E1F /* Assets.xcassets in Resources */,
				03E4963D21B8FA2100F62E1F /* Main.storyboard in Resources */,
			);
			runOnlyForDeploymentPostprocessing = 0;
		};
/* End PBXResourcesBuildPhase section */

/* Begin PBXSourcesBuildPhase section */
		03E4963021B8FA2100F62E1F /* Sources */ = {
			isa = PBXSourcesBuildPhase;
			buildActionMask = 2147483647;
			files = (
				03E4963A21B8FA2100F62E1F /* PhotosCollectionVC.swift in Sources */,
				03E4964A21B8FB2600F62E1F /* FullscreenVC.swift in Sources */,
				03E4963821B8FA2100F62E1F /* AppDelegate.swift in Sources */,
				03E4964E21B92F0100F62E1F /* Array+PhotoGallery.swift in Sources */,
				03E4965021B9310300F62E1F /* UIViewController+PhotoGallery.swift in Sources */,
				03E4964C21B906D500F62E1F /* PhotoCVC.swift in Sources */,
			);
			runOnlyForDeploymentPostprocessing = 0;
		};
/* End PBXSourcesBuildPhase section */

/* Begin PBXVariantGroup section */
		03E4963B21B8FA2100F62E1F /* Main.storyboard */ = {
			isa = PBXVariantGroup;
			children = (
				03E4963C21B8FA2100F62E1F /* Base */,
			);
			name = Main.storyboard;
			sourceTree = "<group>";
		};
		03E4964021B8FA2400F62E1F /* LaunchScreen.storyboard */ = {
			isa = PBXVariantGroup;
			children = (
				03E4964121B8FA2400F62E1F /* Base */,
			);
			name = LaunchScreen.storyboard;
			sourceTree = "<group>";
		};
/* End PBXVariantGroup section */

/* Begin XCBuildConfiguration section */
		03E4964421B8FA2400F62E1F /* Debug */ = {
			isa = XCBuildConfiguration;
			buildSettings = {
				ALWAYS_SEARCH_USER_PATHS = NO;
				CLANG_ANALYZER_NONNULL = YES;
				CLANG_ANALYZER_NUMBER_OBJECT_CONVERSION = YES_AGGRESSIVE;
				CLANG_CXX_LANGUAGE_STANDARD = "gnu++14";
				CLANG_CXX_LIBRARY = "libc++";
				CLANG_ENABLE_MODULES = YES;
				CLANG_ENABLE_OBJC_ARC = YES;
				CLANG_ENABLE_OBJC_WEAK = YES;
				CLANG_WARN_BLOCK_CAPTURE_AUTORELEASING = YES;
				CLANG_WARN_BOOL_CONVERSION = YES;
				CLANG_WARN_COMMA = YES;
				CLANG_WARN_CONSTANT_CONVERSION = YES;
				CLANG_WARN_DEPRECATED_OBJC_IMPLEMENTATIONS = YES;
				CLANG_WARN_DIRECT_OBJC_ISA_USAGE = YES_ERROR;
				CLANG_WARN_DOCUMENTATION_COMMENTS = YES;
				CLANG_WARN_EMPTY_BODY = YES;
				CLANG_WARN_ENUM_CONVERSION = YES;
				CLANG_WARN_INFINITE_RECURSION = YES;
				CLANG_WARN_INT_CONVERSION = YES;
				CLANG_WARN_NON_LITERAL_NULL_CONVERSION = YES;
				CLANG_WARN_OBJC_IMPLICIT_RETAIN_SELF = YES;
				CLANG_WARN_OBJC_LITERAL_CONVERSION = YES;
				CLANG_WARN_OBJC_ROOT_CLASS = YES_ERROR;
				CLANG_WARN_RANGE_LOOP_ANALYSIS = YES;
				CLANG_WARN_STRICT_PROTOTYPES = YES;
				CLANG_WARN_SUSPICIOUS_MOVE = YES;
				CLANG_WARN_UNGUARDED_AVAILABILITY = YES_AGGRESSIVE;
				CLANG_WARN_UNREACHABLE_CODE = YES;
				CLANG_WARN__DUPLICATE_METHOD_MATCH = YES;
				CODE_SIGN_IDENTITY = "iPhone Developer";
				COPY_PHASE_STRIP = NO;
				DEBUG_INFORMATION_FORMAT = dwarf;
				ENABLE_STRICT_OBJC_MSGSEND = YES;
				ENABLE_TESTABILITY = YES;
				GCC_C_LANGUAGE_STANDARD = gnu11;
				GCC_DYNAMIC_NO_PIC = NO;
				GCC_NO_COMMON_BLOCKS = YES;
				GCC_OPTIMIZATION_LEVEL = 0;
				GCC_PREPROCESSOR_DEFINITIONS = (
					"DEBUG=1",
					"$(inherited)",
				);
				GCC_WARN_64_TO_32_BIT_CONVERSION = YES;
				GCC_WARN_ABOUT_RETURN_TYPE = YES_ERROR;
				GCC_WARN_UNDECLARED_SELECTOR = YES;
				GCC_WARN_UNINITIALIZED_AUTOS = YES_AGGRESSIVE;
				GCC_WARN_UNUSED_FUNCTION = YES;
				GCC_WARN_UNUSED_VARIABLE = YES;
				IPHONEOS_DEPLOYMENT_TARGET = 12.0;
				MTL_ENABLE_DEBUG_INFO = INCLUDE_SOURCE;
				MTL_FAST_MATH = YES;
				ONLY_ACTIVE_ARCH = YES;
				SDKROOT = iphoneos;
				SWIFT_ACTIVE_COMPILATION_CONDITIONS = DEBUG;
				SWIFT_OPTIMIZATION_LEVEL = "-Onone";
			};
			name = Debug;
		};
		03E4964521B8FA2400F62E1F /* Release */ = {
			isa = XCBuildConfiguration;
			buildSettings = {
				ALWAYS_SEARCH_USER_PATHS = NO;
				CLANG_ANALYZER_NONNULL = YES;
				CLANG_ANALYZER_NUMBER_OBJECT_CONVERSION = YES_AGGRESSIVE;
				CLANG_CXX_LANGUAGE_STANDARD = "gnu++14";
				CLANG_CXX_LIBRARY = "libc++";
				CLANG_ENABLE_MODULES = YES;
				CLANG_ENABLE_OBJC_ARC = YES;
				CLANG_ENABLE_OBJC_WEAK = YES;
				CLANG_WARN_BLOCK_CAPTURE_AUTORELEASING = YES;
				CLANG_WARN_BOOL_CONVERSION = YES;
				CLANG_WARN_COMMA = YES;
				CLANG_WARN_CONSTANT_CONVERSION = YES;
				CLANG_WARN_DEPRECATED_OBJC_IMPLEMENTATIONS = YES;
				CLANG_WARN_DIRECT_OBJC_ISA_USAGE = YES_ERROR;
				CLANG_WARN_DOCUMENTATION_COMMENTS = YES;
				CLANG_WARN_EMPTY_BODY = YES;
				CLANG_WARN_ENUM_CONVERSION = YES;
				CLANG_WARN_INFINITE_RECURSION = YES;
				CLANG_WARN_INT_CONVERSION = YES;
				CLANG_WARN_NON_LITERAL_NULL_CONVERSION = YES;
				CLANG_WARN_OBJC_IMPLICIT_RETAIN_SELF = YES;
				CLANG_WARN_OBJC_LITERAL_CONVERSION = YES;
				CLANG_WARN_OBJC_ROOT_CLASS = YES_ERROR;
				CLANG_WARN_RANGE_LOOP_ANALYSIS = YES;
				CLANG_WARN_STRICT_PROTOTYPES = YES;
				CLANG_WARN_SUSPICIOUS_MOVE = YES;
				CLANG_WARN_UNGUARDED_AVAILABILITY = YES_AGGRESSIVE;
				CLANG_WARN_UNREACHABLE_CODE = YES;
				CLANG_WARN__DUPLICATE_METHOD_MATCH = YES;
				CODE_SIGN_IDENTITY = "iPhone Developer";
				COPY_PHASE_STRIP = NO;
				DEBUG_INFORMATION_FORMAT = "dwarf-with-dsym";
				ENABLE_NS_ASSERTIONS = NO;
				ENABLE_STRICT_OBJC_MSGSEND = YES;
				GCC_C_LANGUAGE_STANDARD = gnu11;
				GCC_NO_COMMON_BLOCKS = YES;
				GCC_WARN_64_TO_32_BIT_CONVERSION = YES;
				GCC_WARN_ABOUT_RETURN_TYPE = YES_ERROR;
				GCC_WARN_UNDECLARED_SELECTOR = YES;
				GCC_WARN_UNINITIALIZED_AUTOS = YES_AGGRESSIVE;
				GCC_WARN_UNUSED_FUNCTION = YES;
				GCC_WARN_UNUSED_VARIABLE = YES;
				IPHONEOS_DEPLOYMENT_TARGET = 12.0;
				MTL_ENABLE_DEBUG_INFO = NO;
				MTL_FAST_MATH = YES;
				SDKROOT = iphoneos;
				SWIFT_COMPILATION_MODE = wholemodule;
				SWIFT_OPTIMIZATION_LEVEL = "-O";
				VALIDATE_PRODUCT = YES;
			};
			name = Release;
		};
		03E4964721B8FA2400F62E1F /* Debug */ = {
			isa = XCBuildConfiguration;
			buildSettings = {
				ASSETCATALOG_COMPILER_APPICON_NAME = AppIcon;
				CODE_SIGN_STYLE = Automatic;
				INFOPLIST_FILE = "Photo Gallery/Info.plist";
				LD_RUNPATH_SEARCH_PATHS = (
					"$(inherited)",
					"@executable_path/Frameworks",
				);
				PRODUCT_BUNDLE_IDENTIFIER = "com.Photo-Gallery";
				PRODUCT_NAME = "$(TARGET_NAME)";
				SWIFT_VERSION = 4.2;
				TARGETED_DEVICE_FAMILY = "1,2";
			};
			name = Debug;
		};
		03E4964821B8FA2400F62E1F /* Release */ = {
			isa = XCBuildConfiguration;
			buildSettings = {
				ASSETCATALOG_COMPILER_APPICON_NAME = AppIcon;
				CODE_SIGN_STYLE = Automatic;
				INFOPLIST_FILE = "Photo Gallery/Info.plist";
				LD_RUNPATH_SEARCH_PATHS = (
					"$(inherited)",
					"@executable_path/Frameworks",
				);
				PRODUCT_BUNDLE_IDENTIFIER = "com.Photo-Gallery";
				PRODUCT_NAME = "$(TARGET_NAME)";
				SWIFT_VERSION = 4.2;
				TARGETED_DEVICE_FAMILY = "1,2";
			};
			name = Release;
		};
/* End XCBuildConfiguration section */

/* Begin XCConfigurationList section */
		03E4962F21B8FA2100F62E1F /* Build configuration list for PBXProject "Photo Gallery" */ = {
			isa = XCConfigurationList;
			buildConfigurations = (
				03E4964421B8FA2400F62E1F /* Debug */,
				03E4964521B8FA2400F62E1F /* Release */,
			);
			defaultConfigurationIsVisible = 0;
			defaultConfigurationName = Release;
		};
		03E4964621B8FA2400F62E1F /* Build configuration list for PBXNativeTarget "Photo Gallery" */ = {
			isa = XCConfigurationList;
			buildConfigurations = (
				03E4964721B8FA2400F62E1F /* Debug */,
				03E4964821B8FA2400F62E1F /* Release */,
			);
			defaultConfigurationIsVisible = 0;
			defaultConfigurationName = Release;
		};
/* End XCConfigurationList section */
	};
	rootObject = 03E4962C21B8FA2100F62E1F /* Project object */;
}
